
Microsoft Visual Studio Solution File, Format Version 12.00
# Visual Studio Version 17
VisualStudioVersion = 17.14.36301.6 d17.14
MinimumVisualStudioVersion = 10.0.40219.1
Project("{888888A0-9F3D-457C-B088-3A5042F75D52}") = "webmTOmp3", "webmTOmp3.pyproj", "{1B61630D-A72C-4D55-AB20-37195C5314E8}"
EndProject
Global
	GlobalSection(SolutionConfigurationPlatforms) = preSolution
		Debug|Any CPU = Debug|Any CPU
		Release|Any CPU = Release|Any CPU
	EndGlobalSection
	GlobalSection(ProjectConfigurationPlatforms) = postSolution
		{1B61630D-A72C-4D55-AB20-37195C5314E8}.Debug|Any CPU.ActiveCfg = Debug|Any CPU
		{1B61630D-A72C-4D55-AB20-37195C5314E8}.Release|Any CPU.ActiveCfg = Release|Any CPU
	EndGlobalSection
	GlobalSection(SolutionProperties) = preSolution
		HideSolutionNode = FALSE
	EndGlobalSection
	GlobalSection(ExtensibilityGlobals) = postSolution
		SolutionGuid = {8D145065-8E4A-4095-A575-70A46060CD22}
	EndGlobalSection
EndGlobal
