
Microsoft Visual Studio Solution File, Format Version 12.00
# Visual Studio Version 17
VisualStudioVersion = 17.11.35312.102
MinimumVisualStudioVersion = 10.0.40219.1
Project("{888888A0-9F3D-457C-B088-3A5042F75D52}") = "wb.ru", "wb.ru.pyproj", "{CA65C4A1-7240-4ECE-A333-FD43C44C9BCD}"
EndProject
Global
	GlobalSection(SolutionConfigurationPlatforms) = preSolution
		Debug|Any CPU = Debug|Any CPU
		Release|Any CPU = Release|Any CPU
	EndGlobalSection
	GlobalSection(ProjectConfigurationPlatforms) = postSolution
		{CA65C4A1-7240-4ECE-A333-FD43C44C9BCD}.Debug|Any CPU.ActiveCfg = Debug|Any CPU
		{CA65C4A1-7240-4ECE-A333-FD43C44C9BCD}.Release|Any CPU.ActiveCfg = Release|Any CPU
	EndGlobalSection
	GlobalSection(SolutionProperties) = preSolution
		HideSolutionNode = FALSE
	EndGlobalSection
	GlobalSection(ExtensibilityGlobals) = postSolution
		SolutionGuid = {C562DE1D-1CAC-45A7-8190-5ED250504BE4}
	EndGlobalSection
EndGlobal
